
Microsoft Visual Studio Solution File, Format Version 12.00
# Visual Studio Version 17
VisualStudioVersion = 17.0.31903.59
MinimumVisualStudioVersion = 10.0.40219.1
Project("{2150E333-8FDC-42A3-9474-1A3956D46DE8}") = "src", "src", "{827E0CD3-B72D-47B6-A68D-7590B98EB39B}"
	ProjectSection(SolutionItems) = preProject
		src\Default.runsettings = src\Default.runsettings
	EndProjectSection
EndProject
Project("{FAE04EC0-301F-11D3-BF4B-00C04F79EFBC}") = "Common.Persistence", "src\Common.Persistence\Common.Persistence.csproj", "{1E4495F6-9B2A-4C45-A471-F8594F643140}"
EndProject
Project("{FAE04EC0-301F-11D3-BF4B-00C04F79EFBC}") = "Common.Persistence.Tests", "src\Common.Persistence.Tests\Common.Persistence.Tests.csproj", "{AE85544B-0B42-449E-A6A5-8A30D7C92CEC}"
EndProject
Project("{FAE04EC0-301F-11D3-BF4B-00C04F79EFBC}") = "Common.Tx", "src\Common.Tx\Common.Tx.csproj", "{93D0E03F-ADA6-4E57-88E3-EF1CB614C6E0}"
EndProject
Project("{FAE04EC0-301F-11D3-BF4B-00C04F79EFBC}") = "Common.Tx.Tests", "src\Common.Tx.Tests\Common.Tx.Tests.csproj", "{28B9492F-F9CA-46AE-A540-30459C6F399C}"
EndProject
Project("{2150E333-8FDC-42A3-9474-1A3956D46DE8}") = ".build", ".build", "{158B3640-1431-42AC-8A6F-48535BB89C90}"
	ProjectSection(SolutionItems) = preProject
		.editorconfig = .editorconfig
		.gitignore = .gitignore
		Directory.Build.props = Directory.Build.props
		Directory.Build.targets = Directory.Build.targets
		Directory.Packages.props = Directory.Packages.props
		README.md = README.md
		stylecop.ruleset = stylecop.ruleset
		version.json = version.json
		global.json = global.json
		docker-compose.yml = docker-compose.yml
	EndProjectSection
EndProject
Project("{2150E333-8FDC-42A3-9474-1A3956D46DE8}") = "PoC", "PoC", "{EA991D59-541F-4E4C-BC1E-BCEBD0DD93AF}"
EndProject
Project("{FAE04EC0-301F-11D3-BF4B-00C04F79EFBC}") = "CatalogService", "src\poc\CatalogService\CatalogService.csproj", "{0E50E270-FFBA-4726-BDA1-98B5F099B20D}"
EndProject
Project("{FAE04EC0-301F-11D3-BF4B-00C04F79EFBC}") = "CustomerService", "src\poc\CustomerService\CustomerService.csproj", "{4F402555-5F7A-429E-8B45-99FADFE15B52}"
EndProject
Project("{FAE04EC0-301F-11D3-BF4B-00C04F79EFBC}") = "OrderService", "src\poc\OrderService\OrderService.csproj", "{DD20B46A-B24C-4F60-A603-247D553D1F9A}"
EndProject
Project("{FAE04EC0-301F-11D3-BF4B-00C04F79EFBC}") = "PaymentService", "src\poc\PaymentService\PaymentService.csproj", "{4DCE36EB-456B-4F5A-BF30-6E72CF0C9A10}"
EndProject
Project("{FAE04EC0-301F-11D3-BF4B-00C04F79EFBC}") = "ShippingService", "src\poc\ShippingService\ShippingService.csproj", "{A0A569C1-596B-420C-B16A-40309E33EE8D}"
EndProject
Project("{FAE04EC0-301F-11D3-BF4B-00C04F79EFBC}") = "Common.Persistence.Providers.FileSystem", "src\Common.Persistence.Providers.FileSystem\Common.Persistence.Providers.FileSystem.csproj", "{F2E495F6-9B2A-4C45-A471-F8594F643143}"
EndProject
Project("{FAE04EC0-301F-11D3-BF4B-00C04F79EFBC}") = "Common.Persistence.Providers.InMemory", "src\Common.Persistence.Providers.InMemory\Common.Persistence.Providers.InMemory.csproj", "{F3E495F6-9B2A-4C45-A471-F8594F643144}"
EndProject
Project("{FAE04EC0-301F-11D3-BF4B-00C04F79EFBC}") = "Common.Persistence.Providers.SqlServer", "src\Common.Persistence.Providers.SqlServer\Common.Persistence.Providers.SqlServer.csproj", "{A1B2C3D4-E5F6-7890-1234-567890ABCDEF}"
EndProject
Project("{FAE04EC0-301F-11D3-BF4B-00C04F79EFBC}") = "Common.Persistence.Providers.SqlServer.Tests", "src\Common.Persistence.Providers.SqlServer.Tests\Common.Persistence.Providers.SqlServer.Tests.csproj", "{B2C3D4E5-F6A7-8901-2345-678901BCDEF0}"
EndProject
Project("{FAE04EC0-301F-11D3-BF4B-00C04F79EFBC}") = "Models", "src\poc\Models\Models.csproj", "{05DF1027-8D26-45BB-AF3D-79B7A16E74FE}"
EndProject
Project("{FAE04EC0-301F-11D3-BF4B-00C04F79EFBC}") = "Common.Persistence.Providers.Esent", "src\Common.Persistence.Providers.Esent\Common.Persistence.Providers.Esent.csproj", "{C4D70225-7FCF-4603-B46F-7FA91720E232}"
EndProject
Project("{FAE04EC0-301F-11D3-BF4B-00C04F79EFBC}") = "Common.Persistence.Providers.Esent.Tests", "src\Common.Persistence.Providers.Esent.Tests\Common.Persistence.Providers.Esent.Tests.csproj", "{9A56DC08-2EBD-4466-9710-F25BF674C74E}"
EndProject
Project("{FAE04EC0-301F-11D3-BF4B-00C04F79EFBC}") = "Common.Persistence.Providers.ClusterRegistry", "src\Common.Persistence.Providers.ClusterRegistry\Common.Persistence.Providers.ClusterRegistry.csproj", "{0AAFF7FD-A6B0-4568-B249-5B7B320F977E}"
EndProject
Project("{FAE04EC0-301F-11D3-BF4B-00C04F79EFBC}") = "Common.Persistence.Providers.ClusterRegistry.Tests", "src\Common.Persistence.Providers.ClusterRegistry.Tests\Common.Persistence.Providers.ClusterRegistry.Tests.csproj", "{41065EC6-D9CE-46F6-976B-43462C658C0E}"
EndProject
Project("{FAE04EC0-301F-11D3-BF4B-00C04F79EFBC}") = "Common.Persistence.Benchmarks", "src\Common.Persistence.Benchmarks\Common.Persistence.Benchmarks.csproj", "{B5D4F6C7-8E7D-4789-9A2B-7C1D5E8F9ABC}"
EndProject
Project("{FAE04EC0-301F-11D3-BF4B-00C04F79EFBC}") = "Common.Persistence.Providers.FileSystem.Tests", "src\Common.Persistence.Providers.FileSystem.Tests\Common.Persistence.Providers.FileSystem.Tests.csproj", "{D6E7F8C9-9B8D-4A9C-8F2E-6A7B3C4D5E9F}"
EndProject
Project("{FAE04EC0-301F-11D3-BF4B-00C04F79EFBC}") = "Common.Persistence.Providers.InMemory.Tests", "src\Common.Persistence.Providers.InMemory.Tests\Common.Persistence.Providers.InMemory.Tests.csproj", "{57BCC6F7-DD6E-416A-AED1-B05B3DAF3AFB}"
EndProject
Global
	GlobalSection(SolutionConfigurationPlatforms) = preSolution
		Debug|Any CPU = Debug|Any CPU
		Debug|x64 = Debug|x64
		Debug|x86 = Debug|x86
		Release|Any CPU = Release|Any CPU
		Release|x64 = Release|x64
		Release|x86 = Release|x86
	EndGlobalSection
	GlobalSection(ProjectConfigurationPlatforms) = postSolution
		{1E4495F6-9B2A-4C45-A471-F8594F643140}.Debug|Any CPU.ActiveCfg = Debug|Any CPU
		{1E4495F6-9B2A-4C45-A471-F8594F643140}.Debug|Any CPU.Build.0 = Debug|Any CPU
		{1E4495F6-9B2A-4C45-A471-F8594F643140}.Debug|x64.ActiveCfg = Debug|Any CPU
		{1E4495F6-9B2A-4C45-A471-F8594F643140}.Debug|x64.Build.0 = Debug|Any CPU
		{1E4495F6-9B2A-4C45-A471-F8594F643140}.Debug|x86.ActiveCfg = Debug|Any CPU
		{1E4495F6-9B2A-4C45-A471-F8594F643140}.Debug|x86.Build.0 = Debug|Any CPU
		{1E4495F6-9B2A-4C45-A471-F8594F643140}.Release|Any CPU.ActiveCfg = Release|Any CPU
		{1E4495F6-9B2A-4C45-A471-F8594F643140}.Release|Any CPU.Build.0 = Release|Any CPU
		{1E4495F6-9B2A-4C45-A471-F8594F643140}.Release|x64.ActiveCfg = Release|Any CPU
		{1E4495F6-9B2A-4C45-A471-F8594F643140}.Release|x64.Build.0 = Release|Any CPU
		{1E4495F6-9B2A-4C45-A471-F8594F643140}.Release|x86.ActiveCfg = Release|Any CPU
		{1E4495F6-9B2A-4C45-A471-F8594F643140}.Release|x86.Build.0 = Release|Any CPU
		{AE85544B-0B42-449E-A6A5-8A30D7C92CEC}.Debug|Any CPU.ActiveCfg = Debug|Any CPU
		{AE85544B-0B42-449E-A6A5-8A30D7C92CEC}.Debug|Any CPU.Build.0 = Debug|Any CPU
		{AE85544B-0B42-449E-A6A5-8A30D7C92CEC}.Debug|x64.ActiveCfg = Debug|Any CPU
		{AE85544B-0B42-449E-A6A5-8A30D7C92CEC}.Debug|x64.Build.0 = Debug|Any CPU
		{AE85544B-0B42-449E-A6A5-8A30D7C92CEC}.Debug|x86.ActiveCfg = Debug|Any CPU
		{AE85544B-0B42-449E-A6A5-8A30D7C92CEC}.Debug|x86.Build.0 = Debug|Any CPU
		{AE85544B-0B42-449E-A6A5-8A30D7C92CEC}.Release|Any CPU.ActiveCfg = Release|Any CPU
		{AE85544B-0B42-449E-A6A5-8A30D7C92CEC}.Release|Any CPU.Build.0 = Release|Any CPU
		{AE85544B-0B42-449E-A6A5-8A30D7C92CEC}.Release|x64.ActiveCfg = Release|Any CPU
		{AE85544B-0B42-449E-A6A5-8A30D7C92CEC}.Release|x64.Build.0 = Release|Any CPU
		{AE85544B-0B42-449E-A6A5-8A30D7C92CEC}.Release|x86.ActiveCfg = Release|Any CPU
		{AE85544B-0B42-449E-A6A5-8A30D7C92CEC}.Release|x86.Build.0 = Release|Any CPU
		{93D0E03F-ADA6-4E57-88E3-EF1CB614C6E0}.Debug|Any CPU.ActiveCfg = Debug|Any CPU
		{93D0E03F-ADA6-4E57-88E3-EF1CB614C6E0}.Debug|Any CPU.Build.0 = Debug|Any CPU
		{93D0E03F-ADA6-4E57-88E3-EF1CB614C6E0}.Debug|x64.ActiveCfg = Debug|Any CPU
		{93D0E03F-ADA6-4E57-88E3-EF1CB614C6E0}.Debug|x64.Build.0 = Debug|Any CPU
		{93D0E03F-ADA6-4E57-88E3-EF1CB614C6E0}.Debug|x86.ActiveCfg = Debug|Any CPU
		{93D0E03F-ADA6-4E57-88E3-EF1CB614C6E0}.Debug|x86.Build.0 = Debug|Any CPU
		{93D0E03F-ADA6-4E57-88E3-EF1CB614C6E0}.Release|Any CPU.ActiveCfg = Release|Any CPU
		{93D0E03F-ADA6-4E57-88E3-EF1CB614C6E0}.Release|Any CPU.Build.0 = Release|Any CPU
		{93D0E03F-ADA6-4E57-88E3-EF1CB614C6E0}.Release|x64.ActiveCfg = Release|Any CPU
		{93D0E03F-ADA6-4E57-88E3-EF1CB614C6E0}.Release|x64.Build.0 = Release|Any CPU
		{93D0E03F-ADA6-4E57-88E3-EF1CB614C6E0}.Release|x86.ActiveCfg = Release|Any CPU
		{93D0E03F-ADA6-4E57-88E3-EF1CB614C6E0}.Release|x86.Build.0 = Release|Any CPU
		{28B9492F-F9CA-46AE-A540-30459C6F399C}.Debug|Any CPU.ActiveCfg = Debug|Any CPU
		{28B9492F-F9CA-46AE-A540-30459C6F399C}.Debug|Any CPU.Build.0 = Debug|Any CPU
		{28B9492F-F9CA-46AE-A540-30459C6F399C}.Debug|x64.ActiveCfg = Debug|Any CPU
		{28B9492F-F9CA-46AE-A540-30459C6F399C}.Debug|x64.Build.0 = Debug|Any CPU
		{28B9492F-F9CA-46AE-A540-30459C6F399C}.Debug|x86.ActiveCfg = Debug|Any CPU
		{28B9492F-F9CA-46AE-A540-30459C6F399C}.Debug|x86.Build.0 = Debug|Any CPU
		{28B9492F-F9CA-46AE-A540-30459C6F399C}.Release|Any CPU.ActiveCfg = Release|Any CPU
		{28B9492F-F9CA-46AE-A540-30459C6F399C}.Release|Any CPU.Build.0 = Release|Any CPU
		{28B9492F-F9CA-46AE-A540-30459C6F399C}.Release|x64.ActiveCfg = Release|Any CPU
		{28B9492F-F9CA-46AE-A540-30459C6F399C}.Release|x64.Build.0 = Release|Any CPU
		{28B9492F-F9CA-46AE-A540-30459C6F399C}.Release|x86.ActiveCfg = Release|Any CPU
		{28B9492F-F9CA-46AE-A540-30459C6F399C}.Release|x86.Build.0 = Release|Any CPU
		{0E50E270-FFBA-4726-BDA1-98B5F099B20D}.Debug|Any CPU.ActiveCfg = Debug|Any CPU
		{0E50E270-FFBA-4726-BDA1-98B5F099B20D}.Debug|Any CPU.Build.0 = Debug|Any CPU
		{0E50E270-FFBA-4726-BDA1-98B5F099B20D}.Debug|x64.ActiveCfg = Debug|Any CPU
		{0E50E270-FFBA-4726-BDA1-98B5F099B20D}.Debug|x64.Build.0 = Debug|Any CPU
		{0E50E270-FFBA-4726-BDA1-98B5F099B20D}.Debug|x86.ActiveCfg = Debug|Any CPU
		{0E50E270-FFBA-4726-BDA1-98B5F099B20D}.Debug|x86.Build.0 = Debug|Any CPU
		{0E50E270-FFBA-4726-BDA1-98B5F099B20D}.Release|Any CPU.ActiveCfg = Release|Any CPU
		{0E50E270-FFBA-4726-BDA1-98B5F099B20D}.Release|Any CPU.Build.0 = Release|Any CPU
		{0E50E270-FFBA-4726-BDA1-98B5F099B20D}.Release|x64.ActiveCfg = Release|Any CPU
		{0E50E270-FFBA-4726-BDA1-98B5F099B20D}.Release|x64.Build.0 = Release|Any CPU
		{0E50E270-FFBA-4726-BDA1-98B5F099B20D}.Release|x86.ActiveCfg = Release|Any CPU
		{0E50E270-FFBA-4726-BDA1-98B5F099B20D}.Release|x86.Build.0 = Release|Any CPU
		{4F402555-5F7A-429E-8B45-99FADFE15B52}.Debug|Any CPU.ActiveCfg = Debug|Any CPU
		{4F402555-5F7A-429E-8B45-99FADFE15B52}.Debug|Any CPU.Build.0 = Debug|Any CPU
		{4F402555-5F7A-429E-8B45-99FADFE15B52}.Debug|x64.ActiveCfg = Debug|Any CPU
		{4F402555-5F7A-429E-8B45-99FADFE15B52}.Debug|x64.Build.0 = Debug|Any CPU
		{4F402555-5F7A-429E-8B45-99FADFE15B52}.Debug|x86.ActiveCfg = Debug|Any CPU
		{4F402555-5F7A-429E-8B45-99FADFE15B52}.Debug|x86.Build.0 = Debug|Any CPU
		{4F402555-5F7A-429E-8B45-99FADFE15B52}.Release|Any CPU.ActiveCfg = Release|Any CPU
		{4F402555-5F7A-429E-8B45-99FADFE15B52}.Release|Any CPU.Build.0 = Release|Any CPU
		{4F402555-5F7A-429E-8B45-99FADFE15B52}.Release|x64.ActiveCfg = Release|Any CPU
		{4F402555-5F7A-429E-8B45-99FADFE15B52}.Release|x64.Build.0 = Release|Any CPU
		{4F402555-5F7A-429E-8B45-99FADFE15B52}.Release|x86.ActiveCfg = Release|Any CPU
		{4F402555-5F7A-429E-8B45-99FADFE15B52}.Release|x86.Build.0 = Release|Any CPU
		{DD20B46A-B24C-4F60-A603-247D553D1F9A}.Debug|Any CPU.ActiveCfg = Debug|Any CPU
		{DD20B46A-B24C-4F60-A603-247D553D1F9A}.Debug|Any CPU.Build.0 = Debug|Any CPU
		{DD20B46A-B24C-4F60-A603-247D553D1F9A}.Debug|x64.ActiveCfg = Debug|Any CPU
		{DD20B46A-B24C-4F60-A603-247D553D1F9A}.Debug|x64.Build.0 = Debug|Any CPU
		{DD20B46A-B24C-4F60-A603-247D553D1F9A}.Debug|x86.ActiveCfg = Debug|Any CPU
		{DD20B46A-B24C-4F60-A603-247D553D1F9A}.Debug|x86.Build.0 = Debug|Any CPU
		{DD20B46A-B24C-4F60-A603-247D553D1F9A}.Release|Any CPU.ActiveCfg = Release|Any CPU
		{DD20B46A-B24C-4F60-A603-247D553D1F9A}.Release|Any CPU.Build.0 = Release|Any CPU
		{DD20B46A-B24C-4F60-A603-247D553D1F9A}.Release|x64.ActiveCfg = Release|Any CPU
		{DD20B46A-B24C-4F60-A603-247D553D1F9A}.Release|x64.Build.0 = Release|Any CPU
		{DD20B46A-B24C-4F60-A603-247D553D1F9A}.Release|x86.ActiveCfg = Release|Any CPU
		{DD20B46A-B24C-4F60-A603-247D553D1F9A}.Release|x86.Build.0 = Release|Any CPU
		{4DCE36EB-456B-4F5A-BF30-6E72CF0C9A10}.Debug|Any CPU.ActiveCfg = Debug|Any CPU
		{4DCE36EB-456B-4F5A-BF30-6E72CF0C9A10}.Debug|Any CPU.Build.0 = Debug|Any CPU
		{4DCE36EB-456B-4F5A-BF30-6E72CF0C9A10}.Debug|x64.ActiveCfg = Debug|Any CPU
		{4DCE36EB-456B-4F5A-BF30-6E72CF0C9A10}.Debug|x64.Build.0 = Debug|Any CPU
		{4DCE36EB-456B-4F5A-BF30-6E72CF0C9A10}.Debug|x86.ActiveCfg = Debug|Any CPU
		{4DCE36EB-456B-4F5A-BF30-6E72CF0C9A10}.Debug|x86.Build.0 = Debug|Any CPU
		{4DCE36EB-456B-4F5A-BF30-6E72CF0C9A10}.Release|Any CPU.ActiveCfg = Release|Any CPU
		{4DCE36EB-456B-4F5A-BF30-6E72CF0C9A10}.Release|Any CPU.Build.0 = Release|Any CPU
		{4DCE36EB-456B-4F5A-BF30-6E72CF0C9A10}.Release|x64.ActiveCfg = Release|Any CPU
		{4DCE36EB-456B-4F5A-BF30-6E72CF0C9A10}.Release|x64.Build.0 = Release|Any CPU
		{4DCE36EB-456B-4F5A-BF30-6E72CF0C9A10}.Release|x86.ActiveCfg = Release|Any CPU
		{4DCE36EB-456B-4F5A-BF30-6E72CF0C9A10}.Release|x86.Build.0 = Release|Any CPU
		{A0A569C1-596B-420C-B16A-40309E33EE8D}.Debug|Any CPU.ActiveCfg = Debug|Any CPU
		{A0A569C1-596B-420C-B16A-40309E33EE8D}.Debug|Any CPU.Build.0 = Debug|Any CPU
		{A0A569C1-596B-420C-B16A-40309E33EE8D}.Debug|x64.ActiveCfg = Debug|Any CPU
		{A0A569C1-596B-420C-B16A-40309E33EE8D}.Debug|x64.Build.0 = Debug|Any CPU
		{A0A569C1-596B-420C-B16A-40309E33EE8D}.Debug|x86.ActiveCfg = Debug|Any CPU
		{A0A569C1-596B-420C-B16A-40309E33EE8D}.Debug|x86.Build.0 = Debug|Any CPU
		{A0A569C1-596B-420C-B16A-40309E33EE8D}.Release|Any CPU.ActiveCfg = Release|Any CPU
		{A0A569C1-596B-420C-B16A-40309E33EE8D}.Release|Any CPU.Build.0 = Release|Any CPU
		{A0A569C1-596B-420C-B16A-40309E33EE8D}.Release|x64.ActiveCfg = Release|Any CPU
		{A0A569C1-596B-420C-B16A-40309E33EE8D}.Release|x64.Build.0 = Release|Any CPU
		{A0A569C1-596B-420C-B16A-40309E33EE8D}.Release|x86.ActiveCfg = Release|Any CPU
		{A0A569C1-596B-420C-B16A-40309E33EE8D}.Release|x86.Build.0 = Release|Any CPU
		{F2E495F6-9B2A-4C45-A471-F8594F643143}.Debug|Any CPU.ActiveCfg = Debug|Any CPU
		{F2E495F6-9B2A-4C45-A471-F8594F643143}.Debug|Any CPU.Build.0 = Debug|Any CPU
		{F2E495F6-9B2A-4C45-A471-F8594F643143}.Debug|x64.ActiveCfg = Debug|Any CPU
		{F2E495F6-9B2A-4C45-A471-F8594F643143}.Debug|x64.Build.0 = Debug|Any CPU
		{F2E495F6-9B2A-4C45-A471-F8594F643143}.Debug|x86.ActiveCfg = Debug|Any CPU
		{F2E495F6-9B2A-4C45-A471-F8594F643143}.Debug|x86.Build.0 = Debug|Any CPU
		{F2E495F6-9B2A-4C45-A471-F8594F643143}.Release|Any CPU.ActiveCfg = Release|Any CPU
		{F2E495F6-9B2A-4C45-A471-F8594F643143}.Release|Any CPU.Build.0 = Release|Any CPU
		{F2E495F6-9B2A-4C45-A471-F8594F643143}.Release|x64.ActiveCfg = Release|Any CPU
		{F2E495F6-9B2A-4C45-A471-F8594F643143}.Release|x64.Build.0 = Release|Any CPU
		{F2E495F6-9B2A-4C45-A471-F8594F643143}.Release|x86.ActiveCfg = Release|Any CPU
		{F2E495F6-9B2A-4C45-A471-F8594F643143}.Release|x86.Build.0 = Release|Any CPU
		{F3E495F6-9B2A-4C45-A471-F8594F643144}.Debug|Any CPU.ActiveCfg = Debug|Any CPU
		{F3E495F6-9B2A-4C45-A471-F8594F643144}.Debug|Any CPU.Build.0 = Debug|Any CPU
		{F3E495F6-9B2A-4C45-A471-F8594F643144}.Debug|x64.ActiveCfg = Debug|Any CPU
		{F3E495F6-9B2A-4C45-A471-F8594F643144}.Debug|x64.Build.0 = Debug|Any CPU
		{F3E495F6-9B2A-4C45-A471-F8594F643144}.Debug|x86.ActiveCfg = Debug|Any CPU
		{F3E495F6-9B2A-4C45-A471-F8594F643144}.Debug|x86.Build.0 = Debug|Any CPU
		{F3E495F6-9B2A-4C45-A471-F8594F643144}.Release|Any CPU.ActiveCfg = Release|Any CPU
		{F3E495F6-9B2A-4C45-A471-F8594F643144}.Release|Any CPU.Build.0 = Release|Any CPU
		{F3E495F6-9B2A-4C45-A471-F8594F643144}.Release|x64.ActiveCfg = Release|Any CPU
		{F3E495F6-9B2A-4C45-A471-F8594F643144}.Release|x64.Build.0 = Release|Any CPU
		{F3E495F6-9B2A-4C45-A471-F8594F643144}.Release|x86.ActiveCfg = Release|Any CPU
		{F3E495F6-9B2A-4C45-A471-F8594F643144}.Release|x86.Build.0 = Release|Any CPU
		{05DF1027-8D26-45BB-AF3D-79B7A16E74FE}.Debug|Any CPU.ActiveCfg = Debug|Any CPU
		{05DF1027-8D26-45BB-AF3D-79B7A16E74FE}.Debug|Any CPU.Build.0 = Debug|Any CPU
		{05DF1027-8D26-45BB-AF3D-79B7A16E74FE}.Debug|x64.ActiveCfg = Debug|Any CPU
		{05DF1027-8D26-45BB-AF3D-79B7A16E74FE}.Debug|x64.Build.0 = Debug|Any CPU
		{05DF1027-8D26-45BB-AF3D-79B7A16E74FE}.Debug|x86.ActiveCfg = Debug|Any CPU
		{05DF1027-8D26-45BB-AF3D-79B7A16E74FE}.Debug|x86.Build.0 = Debug|Any CPU
		{05DF1027-8D26-45BB-AF3D-79B7A16E74FE}.Release|Any CPU.ActiveCfg = Release|Any CPU
		{05DF1027-8D26-45BB-AF3D-79B7A16E74FE}.Release|Any CPU.Build.0 = Release|Any CPU
		{05DF1027-8D26-45BB-AF3D-79B7A16E74FE}.Release|x64.ActiveCfg = Release|Any CPU
		{05DF1027-8D26-45BB-AF3D-79B7A16E74FE}.Release|x64.Build.0 = Release|Any CPU
		{05DF1027-8D26-45BB-AF3D-79B7A16E74FE}.Release|x86.ActiveCfg = Release|Any CPU
		{05DF1027-8D26-45BB-AF3D-79B7A16E74FE}.Release|x86.Build.0 = Release|Any CPU
		{C4D70225-7FCF-4603-B46F-7FA91720E232}.Debug|Any CPU.ActiveCfg = Debug|Any CPU
		{C4D70225-7FCF-4603-B46F-7FA91720E232}.Debug|Any CPU.Build.0 = Debug|Any CPU
		{C4D70225-7FCF-4603-B46F-7FA91720E232}.Debug|x64.ActiveCfg = Debug|Any CPU
		{C4D70225-7FCF-4603-B46F-7FA91720E232}.Debug|x64.Build.0 = Debug|Any CPU
		{C4D70225-7FCF-4603-B46F-7FA91720E232}.Debug|x86.ActiveCfg = Debug|Any CPU
		{C4D70225-7FCF-4603-B46F-7FA91720E232}.Debug|x86.Build.0 = Debug|Any CPU
		{C4D70225-7FCF-4603-B46F-7FA91720E232}.Release|Any CPU.ActiveCfg = Release|Any CPU
		{C4D70225-7FCF-4603-B46F-7FA91720E232}.Release|Any CPU.Build.0 = Release|Any CPU
		{C4D70225-7FCF-4603-B46F-7FA91720E232}.Release|x64.ActiveCfg = Release|Any CPU
		{C4D70225-7FCF-4603-B46F-7FA91720E232}.Release|x64.Build.0 = Release|Any CPU
		{C4D70225-7FCF-4603-B46F-7FA91720E232}.Release|x86.ActiveCfg = Release|Any CPU
		{C4D70225-7FCF-4603-B46F-7FA91720E232}.Release|x86.Build.0 = Release|Any CPU
		{9A56DC08-2EBD-4466-9710-F25BF674C74E}.Debug|Any CPU.ActiveCfg = Debug|Any CPU
		{9A56DC08-2EBD-4466-9710-F25BF674C74E}.Debug|Any CPU.Build.0 = Debug|Any CPU
		{9A56DC08-2EBD-4466-9710-F25BF674C74E}.Debug|x64.ActiveCfg = Debug|Any CPU
		{9A56DC08-2EBD-4466-9710-F25BF674C74E}.Debug|x64.Build.0 = Debug|Any CPU
		{9A56DC08-2EBD-4466-9710-F25BF674C74E}.Debug|x86.ActiveCfg = Debug|Any CPU
		{9A56DC08-2EBD-4466-9710-F25BF674C74E}.Debug|x86.Build.0 = Debug|Any CPU
		{9A56DC08-2EBD-4466-9710-F25BF674C74E}.Release|Any CPU.ActiveCfg = Release|Any CPU
		{9A56DC08-2EBD-4466-9710-F25BF674C74E}.Release|Any CPU.Build.0 = Release|Any CPU
		{9A56DC08-2EBD-4466-9710-F25BF674C74E}.Release|x64.ActiveCfg = Release|Any CPU
		{9A56DC08-2EBD-4466-9710-F25BF674C74E}.Release|x64.Build.0 = Release|Any CPU
		{9A56DC08-2EBD-4466-9710-F25BF674C74E}.Release|x86.ActiveCfg = Release|Any CPU
		{9A56DC08-2EBD-4466-9710-F25BF674C74E}.Release|x86.Build.0 = Release|Any CPU
		{0AAFF7FD-A6B0-4568-B249-5B7B320F977E}.Debug|Any CPU.ActiveCfg = Debug|Any CPU
		{0AAFF7FD-A6B0-4568-B249-5B7B320F977E}.Debug|Any CPU.Build.0 = Debug|Any CPU
		{0AAFF7FD-A6B0-4568-B249-5B7B320F977E}.Debug|x64.ActiveCfg = Debug|Any CPU
		{0AAFF7FD-A6B0-4568-B249-5B7B320F977E}.Debug|x64.Build.0 = Debug|Any CPU
		{0AAFF7FD-A6B0-4568-B249-5B7B320F977E}.Debug|x86.ActiveCfg = Debug|Any CPU
		{0AAFF7FD-A6B0-4568-B249-5B7B320F977E}.Debug|x86.Build.0 = Debug|Any CPU
		{0AAFF7FD-A6B0-4568-B249-5B7B320F977E}.Release|Any CPU.ActiveCfg = Release|Any CPU
		{0AAFF7FD-A6B0-4568-B249-5B7B320F977E}.Release|Any CPU.Build.0 = Release|Any CPU
		{0AAFF7FD-A6B0-4568-B249-5B7B320F977E}.Release|x64.ActiveCfg = Release|Any CPU
		{0AAFF7FD-A6B0-4568-B249-5B7B320F977E}.Release|x64.Build.0 = Release|Any CPU
		{0AAFF7FD-A6B0-4568-B249-5B7B320F977E}.Release|x86.ActiveCfg = Release|Any CPU
		{0AAFF7FD-A6B0-4568-B249-5B7B320F977E}.Release|x86.Build.0 = Release|Any CPU
		{41065EC6-D9CE-46F6-976B-43462C658C0E}.Debug|Any CPU.ActiveCfg = Debug|Any CPU
		{41065EC6-D9CE-46F6-976B-43462C658C0E}.Debug|Any CPU.Build.0 = Debug|Any CPU
		{41065EC6-D9CE-46F6-976B-43462C658C0E}.Debug|x64.ActiveCfg = Debug|Any CPU
		{41065EC6-D9CE-46F6-976B-43462C658C0E}.Debug|x64.Build.0 = Debug|Any CPU
		{41065EC6-D9CE-46F6-976B-43462C658C0E}.Debug|x86.ActiveCfg = Debug|Any CPU
		{41065EC6-D9CE-46F6-976B-43462C658C0E}.Debug|x86.Build.0 = Debug|Any CPU
		{41065EC6-D9CE-46F6-976B-43462C658C0E}.Release|Any CPU.ActiveCfg = Release|Any CPU
		{41065EC6-D9CE-46F6-976B-43462C658C0E}.Release|Any CPU.Build.0 = Release|Any CPU
		{41065EC6-D9CE-46F6-976B-43462C658C0E}.Release|x64.ActiveCfg = Release|Any CPU
		{41065EC6-D9CE-46F6-976B-43462C658C0E}.Release|x64.Build.0 = Release|Any CPU
		{41065EC6-D9CE-46F6-976B-43462C658C0E}.Release|x86.ActiveCfg = Release|Any CPU
		{41065EC6-D9CE-46F6-976B-43462C658C0E}.Release|x86.Build.0 = Release|Any CPU
		{B5D4F6C7-8E7D-4789-9A2B-7C1D5E8F9ABC}.Debug|Any CPU.ActiveCfg = Debug|Any CPU
		{B5D4F6C7-8E7D-4789-9A2B-7C1D5E8F9ABC}.Debug|Any CPU.Build.0 = Debug|Any CPU
		{B5D4F6C7-8E7D-4789-9A2B-7C1D5E8F9ABC}.Debug|x64.ActiveCfg = Debug|Any CPU
		{B5D4F6C7-8E7D-4789-9A2B-7C1D5E8F9ABC}.Debug|x64.Build.0 = Debug|Any CPU
		{B5D4F6C7-8E7D-4789-9A2B-7C1D5E8F9ABC}.Debug|x86.ActiveCfg = Debug|Any CPU
		{B5D4F6C7-8E7D-4789-9A2B-7C1D5E8F9ABC}.Debug|x86.Build.0 = Debug|Any CPU
		{B5D4F6C7-8E7D-4789-9A2B-7C1D5E8F9ABC}.Release|Any CPU.ActiveCfg = Release|Any CPU
		{B5D4F6C7-8E7D-4789-9A2B-7C1D5E8F9ABC}.Release|Any CPU.Build.0 = Release|Any CPU
		{B5D4F6C7-8E7D-4789-9A2B-7C1D5E8F9ABC}.Release|x64.ActiveCfg = Release|Any CPU
		{B5D4F6C7-8E7D-4789-9A2B-7C1D5E8F9ABC}.Release|x64.Build.0 = Release|Any CPU
		{B5D4F6C7-8E7D-4789-9A2B-7C1D5E8F9ABC}.Release|x86.ActiveCfg = Release|Any CPU
		{B5D4F6C7-8E7D-4789-9A2B-7C1D5E8F9ABC}.Release|x86.Build.0 = Release|Any CPU
		{D6E7F8C9-9B8D-4A9C-8F2E-6A7B3C4D5E9F}.Debug|Any CPU.ActiveCfg = Debug|Any CPU
		{D6E7F8C9-9B8D-4A9C-8F2E-6A7B3C4D5E9F}.Debug|Any CPU.Build.0 = Debug|Any CPU
		{D6E7F8C9-9B8D-4A9C-8F2E-6A7B3C4D5E9F}.Debug|x64.ActiveCfg = Debug|Any CPU
		{D6E7F8C9-9B8D-4A9C-8F2E-6A7B3C4D5E9F}.Debug|x64.Build.0 = Debug|Any CPU
		{D6E7F8C9-9B8D-4A9C-8F2E-6A7B3C4D5E9F}.Debug|x86.ActiveCfg = Debug|Any CPU
		{D6E7F8C9-9B8D-4A9C-8F2E-6A7B3C4D5E9F}.Debug|x86.Build.0 = Debug|Any CPU
		{D6E7F8C9-9B8D-4A9C-8F2E-6A7B3C4D5E9F}.Release|Any CPU.ActiveCfg = Release|Any CPU
		{D6E7F8C9-9B8D-4A9C-8F2E-6A7B3C4D5E9F}.Release|Any CPU.Build.0 = Release|Any CPU
		{D6E7F8C9-9B8D-4A9C-8F2E-6A7B3C4D5E9F}.Release|x64.ActiveCfg = Release|Any CPU
		{D6E7F8C9-9B8D-4A9C-8F2E-6A7B3C4D5E9F}.Release|x64.Build.0 = Release|Any CPU
		{D6E7F8C9-9B8D-4A9C-8F2E-6A7B3C4D5E9F}.Release|x86.ActiveCfg = Release|Any CPU
		{D6E7F8C9-9B8D-4A9C-8F2E-6A7B3C4D5E9F}.Release|x86.Build.0 = Release|Any CPU
		{57BCC6F7-DD6E-416A-AED1-B05B3DAF3AFB}.Debug|Any CPU.ActiveCfg = Debug|Any CPU
		{57BCC6F7-DD6E-416A-AED1-B05B3DAF3AFB}.Debug|Any CPU.Build.0 = Debug|Any CPU
		{57BCC6F7-DD6E-416A-AED1-B05B3DAF3AFB}.Debug|x64.ActiveCfg = Debug|Any CPU
		{57BCC6F7-DD6E-416A-AED1-B05B3DAF3AFB}.Debug|x64.Build.0 = Debug|Any CPU
		{57BCC6F7-DD6E-416A-AED1-B05B3DAF3AFB}.Debug|x86.ActiveCfg = Debug|Any CPU
		{57BCC6F7-DD6E-416A-AED1-B05B3DAF3AFB}.Debug|x86.Build.0 = Debug|Any CPU
		{57BCC6F7-DD6E-416A-AED1-B05B3DAF3AFB}.Release|Any CPU.ActiveCfg = Release|Any CPU
		{57BCC6F7-DD6E-416A-AED1-B05B3DAF3AFB}.Release|Any CPU.Build.0 = Release|Any CPU
		{57BCC6F7-DD6E-416A-AED1-B05B3DAF3AFB}.Release|x64.ActiveCfg = Release|Any CPU
		{57BCC6F7-DD6E-416A-AED1-B05B3DAF3AFB}.Release|x64.Build.0 = Release|Any CPU
		{57BCC6F7-DD6E-416A-AED1-B05B3DAF3AFB}.Release|x86.ActiveCfg = Release|Any CPU
		{57BCC6F7-DD6E-416A-AED1-B05B3DAF3AFB}.Release|x86.Build.0 = Release|Any CPU
		{A1B2C3D4-E5F6-7890-1234-567890ABCDEF}.Debug|Any CPU.ActiveCfg = Debug|Any CPU
		{A1B2C3D4-E5F6-7890-1234-567890ABCDEF}.Debug|Any CPU.Build.0 = Debug|Any CPU
		{A1B2C3D4-E5F6-7890-1234-567890ABCDEF}.Debug|x64.ActiveCfg = Debug|Any CPU
		{A1B2C3D4-E5F6-7890-1234-567890ABCDEF}.Debug|x64.Build.0 = Debug|Any CPU
		{A1B2C3D4-E5F6-7890-1234-567890ABCDEF}.Debug|x86.ActiveCfg = Debug|Any CPU
		{A1B2C3D4-E5F6-7890-1234-567890ABCDEF}.Debug|x86.Build.0 = Debug|Any CPU
		{A1B2C3D4-E5F6-7890-1234-567890ABCDEF}.Release|Any CPU.ActiveCfg = Release|Any CPU
		{A1B2C3D4-E5F6-7890-1234-567890ABCDEF}.Release|Any CPU.Build.0 = Release|Any CPU
		{A1B2C3D4-E5F6-7890-1234-567890ABCDEF}.Release|x64.ActiveCfg = Release|Any CPU
		{A1B2C3D4-E5F6-7890-1234-567890ABCDEF}.Release|x64.Build.0 = Release|Any CPU
		{A1B2C3D4-E5F6-7890-1234-567890ABCDEF}.Release|x86.ActiveCfg = Release|Any CPU
		{A1B2C3D4-E5F6-7890-1234-567890ABCDEF}.Release|x86.Build.0 = Release|Any CPU
		{B2C3D4E5-F6A7-8901-2345-678901BCDEF0}.Debug|Any CPU.ActiveCfg = Debug|Any CPU
		{B2C3D4E5-F6A7-8901-2345-678901BCDEF0}.Debug|Any CPU.Build.0 = Debug|Any CPU
		{B2C3D4E5-F6A7-8901-2345-678901BCDEF0}.Debug|x64.ActiveCfg = Debug|Any CPU
		{B2C3D4E5-F6A7-8901-2345-678901BCDEF0}.Debug|x64.Build.0 = Debug|Any CPU
		{B2C3D4E5-F6A7-8901-2345-678901BCDEF0}.Debug|x86.ActiveCfg = Debug|Any CPU
		{B2C3D4E5-F6A7-8901-2345-678901BCDEF0}.Debug|x86.Build.0 = Debug|Any CPU
		{B2C3D4E5-F6A7-8901-2345-678901BCDEF0}.Release|Any CPU.ActiveCfg = Release|Any CPU
		{B2C3D4E5-F6A7-8901-2345-678901BCDEF0}.Release|Any CPU.Build.0 = Release|Any CPU
		{B2C3D4E5-F6A7-8901-2345-678901BCDEF0}.Release|x64.ActiveCfg = Release|Any CPU
		{B2C3D4E5-F6A7-8901-2345-678901BCDEF0}.Release|x64.Build.0 = Release|Any CPU
		{B2C3D4E5-F6A7-8901-2345-678901BCDEF0}.Release|x86.ActiveCfg = Release|Any CPU
		{B2C3D4E5-F6A7-8901-2345-678901BCDEF0}.Release|x86.Build.0 = Release|Any CPU
	EndGlobalSection
	GlobalSection(SolutionProperties) = preSolution
		HideSolutionNode = FALSE
	EndGlobalSection
	GlobalSection(NestedProjects) = preSolution
		{1E4495F6-9B2A-4C45-A471-F8594F643140} = {827E0CD3-B72D-47B6-A68D-7590B98EB39B}
		{AE85544B-0B42-449E-A6A5-8A30D7C92CEC} = {827E0CD3-B72D-47B6-A68D-7590B98EB39B}
		{93D0E03F-ADA6-4E57-88E3-EF1CB614C6E0} = {827E0CD3-B72D-47B6-A68D-7590B98EB39B}
		{28B9492F-F9CA-46AE-A540-30459C6F399C} = {827E0CD3-B72D-47B6-A68D-7590B98EB39B}
		{EA991D59-541F-4E4C-BC1E-BCEBD0DD93AF} = {827E0CD3-B72D-47B6-A68D-7590B98EB39B}
		{0E50E270-FFBA-4726-BDA1-98B5F099B20D} = {EA991D59-541F-4E4C-BC1E-BCEBD0DD93AF}
		{4F402555-5F7A-429E-8B45-99FADFE15B52} = {EA991D59-541F-4E4C-BC1E-BCEBD0DD93AF}
		{DD20B46A-B24C-4F60-A603-247D553D1F9A} = {EA991D59-541F-4E4C-BC1E-BCEBD0DD93AF}
		{4DCE36EB-456B-4F5A-BF30-6E72CF0C9A10} = {EA991D59-541F-4E4C-BC1E-BCEBD0DD93AF}
		{A0A569C1-596B-420C-B16A-40309E33EE8D} = {EA991D59-541F-4E4C-BC1E-BCEBD0DD93AF}
		{F2E495F6-9B2A-4C45-A471-F8594F643143} = {827E0CD3-B72D-47B6-A68D-7590B98EB39B}
		{F3E495F6-9B2A-4C45-A471-F8594F643144} = {827E0CD3-B72D-47B6-A68D-7590B98EB39B}
		{05DF1027-8D26-45BB-AF3D-79B7A16E74FE} = {EA991D59-541F-4E4C-BC1E-BCEBD0DD93AF}
		{C4D70225-7FCF-4603-B46F-7FA91720E232} = {827E0CD3-B72D-47B6-A68D-7590B98EB39B}
		{9A56DC08-2EBD-4466-9710-F25BF674C74E} = {827E0CD3-B72D-47B6-A68D-7590B98EB39B}
		{0AAFF7FD-A6B0-4568-B249-5B7B320F977E} = {827E0CD3-B72D-47B6-A68D-7590B98EB39B}
		{41065EC6-D9CE-46F6-976B-43462C658C0E} = {827E0CD3-B72D-47B6-A68D-7590B98EB39B}
		{B5D4F6C7-8E7D-4789-9A2B-7C1D5E8F9ABC} = {827E0CD3-B72D-47B6-A68D-7590B98EB39B}
		{D6E7F8C9-9B8D-4A9C-8F2E-6A7B3C4D5E9F} = {827E0CD3-B72D-47B6-A68D-7590B98EB39B}
		{57BCC6F7-DD6E-416A-AED1-B05B3DAF3AFB} = {827E0CD3-B72D-47B6-A68D-7590B98EB39B}
		{A1B2C3D4-E5F6-7890-1234-567890ABCDEF} = {827E0CD3-B72D-47B6-A68D-7590B98EB39B}
		{B2C3D4E5-F6A7-8901-2345-678901BCDEF0} = {827E0CD3-B72D-47B6-A68D-7590B98EB39B}
	EndGlobalSection
EndGlobal
