
Microsoft Visual Studio Solution File, Format Version 12.00
# Visual Studio Version 17
VisualStudioVersion = 17.0.31903.59
MinimumVisualStudioVersion = 10.0.40219.1
Project("{2150E333-8FDC-42A3-9474-1A3956D46DE8}") = "src", "src", "{827E0CD3-B72D-47B6-A68D-7590B98EB39B}"
	ProjectSection(SolutionItems) = preProject
		src\Default.runsettings = src\Default.runsettings
	EndProjectSection
EndProject
Project("{FAE04EC0-301F-11D3-BF4B-00C04F79EFBC}") = "Common.Persistence", "src\Common.Persistence\Common.Persistence.csproj", "{1E4495F6-9B2A-4C45-A471-F8594F643140}"
EndProject
Project("{FAE04EC0-301F-11D3-BF4B-00C04F79EFBC}") = "Common.Persistence.Tests", "src\Common.Persistence.Tests\Common.Persistence.Tests.csproj", "{AE85544B-0B42-449E-A6A5-8A30D7C92CEC}"
EndProject
Project("{FAE04EC0-301F-11D3-BF4B-00C04F79EFBC}") = "Common.Tx", "src\Common.Tx\Common.Tx.csproj", "{93D0E03F-ADA6-4E57-88E3-EF1CB614C6E0}"
EndProject
Project("{FAE04EC0-301F-11D3-BF4B-00C04F79EFBC}") = "Common.Tx.Tests", "src\Common.Tx.Tests\Common.Tx.Tests.csproj", "{28B9492F-F9CA-46AE-A540-30459C6F399C}"
EndProject
Project("{2150E333-8FDC-42A3-9474-1A3956D46DE8}") = ".build", ".build", "{158B3640-1431-42AC-8A6F-48535BB89C90}"
	ProjectSection(SolutionItems) = preProject
		.editorconfig = .editorconfig
		.gitignore = .gitignore
		Directory.Build.props = Directory.Build.props
		Directory.Build.targets = Directory.Build.targets
		Directory.Packages.props = Directory.Packages.props
		README.md = README.md
		stylecop.ruleset = stylecop.ruleset
		version.json = version.json
		global.json = global.json
		docker-compose.yml = docker-compose.yml
	EndProjectSection
EndProject
Project("{2150E333-8FDC-42A3-9474-1A3956D46DE8}") = "PoC", "PoC", "{EA991D59-541F-4E4C-BC1E-BCEBD0DD93AF}"
EndProject
Project("{FAE04EC0-301F-11D3-BF4B-00C04F79EFBC}") = "CatalogService", "src\poc\CatalogService\CatalogService.csproj", "{0E50E270-FFBA-4726-BDA1-98B5F099B20D}"
EndProject
Project("{FAE04EC0-301F-11D3-BF4B-00C04F79EFBC}") = "CustomerService", "src\poc\CustomerService\CustomerService.csproj", "{4F402555-5F7A-429E-8B45-99FADFE15B52}"
EndProject
Project("{FAE04EC0-301F-11D3-BF4B-00C04F79EFBC}") = "OrderService", "src\poc\OrderService\OrderService.csproj", "{DD20B46A-B24C-4F60-A603-247D553D1F9A}"
EndProject
Project("{FAE04EC0-301F-11D3-BF4B-00C04F79EFBC}") = "PaymentService", "src\poc\PaymentService\PaymentService.csproj", "{4DCE36EB-456B-4F5A-BF30-6E72CF0C9A10}"
EndProject
Project("{FAE04EC0-301F-11D3-BF4B-00C04F79EFBC}") = "ShippingService", "src\poc\ShippingService\ShippingService.csproj", "{A0A569C1-596B-420C-B16A-40309E33EE8D}"
EndProject
Project("{FAE04EC0-301F-11D3-BF4B-00C04F79EFBC}") = "Common.Persistence.Providers.FileSystem", "src\Common.Persistence.Providers.FileSystem\Common.Persistence.Providers.FileSystem.csproj", "{F2E495F6-9B2A-4C45-A471-F8594F643143}"
EndProject
Project("{FAE04EC0-301F-11D3-BF4B-00C04F79EFBC}") = "Common.Persistence.Providers.InMemory", "src\Common.Persistence.Providers.InMemory\Common.Persistence.Providers.InMemory.csproj", "{F3E495F6-9B2A-4C45-A471-F8594F643144}"
EndProject
Project("{FAE04EC0-301F-11D3-BF4B-00C04F79EFBC}") = "Models", "src\poc\Models\Models.csproj", "{05DF1027-8D26-45BB-AF3D-79B7A16E74FE}"
EndProject
Global
	GlobalSection(SolutionConfigurationPlatforms) = preSolution
		Debug|Any CPU = Debug|Any CPU
		Debug|x64 = Debug|x64
		Debug|x86 = Debug|x86
		Release|Any CPU = Release|Any CPU
		Release|x64 = Release|x64
		Release|x86 = Release|x86
	EndGlobalSection
	GlobalSection(SolutionProperties) = preSolution
		HideSolutionNode = FALSE
	EndGlobalSection
	GlobalSection(NestedProjects) = preSolution
		{1E4495F6-9B2A-4C45-A471-F8594F643140} = {827E0CD3-B72D-47B6-A68D-7590B98EB39B}
		{AE85544B-0B42-449E-A6A5-8A30D7C92CEC} = {827E0CD3-B72D-47B6-A68D-7590B98EB39B}
		{93D0E03F-ADA6-4E57-88E3-EF1CB614C6E0} = {827E0CD3-B72D-47B6-A68D-7590B98EB39B}
		{28B9492F-F9CA-46AE-A540-30459C6F399C} = {827E0CD3-B72D-47B6-A68D-7590B98EB39B}
		{EA991D59-541F-4E4C-BC1E-BCEBD0DD93AF} = {827E0CD3-B72D-47B6-A68D-7590B98EB39B}
		{0E50E270-FFBA-4726-BDA1-98B5F099B20D} = {EA991D59-541F-4E4C-BC1E-BCEBD0DD93AF}
		{4F402555-5F7A-429E-8B45-99FADFE15B52} = {EA991D59-541F-4E4C-BC1E-BCEBD0DD93AF}
		{DD20B46A-B24C-4F60-A603-247D553D1F9A} = {EA991D59-541F-4E4C-BC1E-BCEBD0DD93AF}
		{4DCE36EB-456B-4F5A-BF30-6E72CF0C9A10} = {EA991D59-541F-4E4C-BC1E-BCEBD0DD93AF}
		{A0A569C1-596B-420C-B16A-40309E33EE8D} = {EA991D59-541F-4E4C-BC1E-BCEBD0DD93AF}
		{F2E495F6-9B2A-4C45-A471-F8594F643143} = {827E0CD3-B72D-47B6-A68D-7590B98EB39B}
		{F3E495F6-9B2A-4C45-A471-F8594F643144} = {827E0CD3-B72D-47B6-A68D-7590B98EB39B}
		{05DF1027-8D26-45BB-AF3D-79B7A16E74FE} = {EA991D59-541F-4E4C-BC1E-BCEBD0DD93AF}
	EndGlobalSection
	GlobalSection(ProjectConfigurationPlatforms) = postSolution
		{1E4495F6-9B2A-4C45-A471-F8594F643140}.Debug|Any CPU.ActiveCfg = Debug|Any CPU
		{1E4495F6-9B2A-4C45-A471-F8594F643140}.Debug|Any CPU.Build.0 = Debug|Any CPU
		{1E4495F6-9B2A-4C45-A471-F8594F643140}.Debug|x64.ActiveCfg = Debug|Any CPU
		{1E4495F6-9B2A-4C45-A471-F8594F643140}.Debug|x64.Build.0 = Debug|Any CPU
		{1E4495F6-9B2A-4C45-A471-F8594F643140}.Debug|x86.ActiveCfg = Debug|Any CPU
		{1E4495F6-9B2A-4C45-A471-F8594F643140}.Debug|x86.Build.0 = Debug|Any CPU
		{1E4495F6-9B2A-4C45-A471-F8594F643140}.Release|Any CPU.ActiveCfg = Release|Any CPU
		{1E4495F6-9B2A-4C45-A471-F8594F643140}.Release|Any CPU.Build.0 = Release|Any CPU
		{1E4495F6-9B2A-4C45-A471-F8594F643140}.Release|x64.ActiveCfg = Release|Any CPU
		{1E4495F6-9B2A-4C45-A471-F8594F643140}.Release|x64.Build.0 = Release|Any CPU
		{1E4495F6-9B2A-4C45-A471-F8594F643140}.Release|x86.ActiveCfg = Release|Any CPU
		{1E4495F6-9B2A-4C45-A471-F8594F643140}.Release|x86.Build.0 = Release|Any CPU
		{AE85544B-0B42-449E-A6A5-8A30D7C92CEC}.Debug|Any CPU.ActiveCfg = Debug|Any CPU
		{AE85544B-0B42-449E-A6A5-8A30D7C92CEC}.Debug|Any CPU.Build.0 = Debug|Any CPU
		{AE85544B-0B42-449E-A6A5-8A30D7C92CEC}.Debug|x64.ActiveCfg = Debug|Any CPU
		{AE85544B-0B42-449E-A6A5-8A30D7C92CEC}.Debug|x64.Build.0 = Debug|Any CPU
		{AE85544B-0B42-449E-A6A5-8A30D7C92CEC}.Debug|x86.ActiveCfg = Debug|Any CPU
		{AE85544B-0B42-449E-A6A5-8A30D7C92CEC}.Debug|x86.Build.0 = Debug|Any CPU
		{AE85544B-0B42-449E-A6A5-8A30D7C92CEC}.Release|Any CPU.ActiveCfg = Release|Any CPU
		{AE85544B-0B42-449E-A6A5-8A30D7C92CEC}.Release|Any CPU.Build.0 = Release|Any CPU
		{AE85544B-0B42-449E-A6A5-8A30D7C92CEC}.Release|x64.ActiveCfg = Release|Any CPU
		{AE85544B-0B42-449E-A6A5-8A30D7C92CEC}.Release|x64.Build.0 = Release|Any CPU
		{AE85544B-0B42-449E-A6A5-8A30D7C92CEC}.Release|x86.ActiveCfg = Release|Any CPU
		{AE85544B-0B42-449E-A6A5-8A30D7C92CEC}.Release|x86.Build.0 = Release|Any CPU
		{93D0E03F-ADA6-4E57-88E3-EF1CB614C6E0}.Debug|Any CPU.ActiveCfg = Debug|Any CPU
		{93D0E03F-ADA6-4E57-88E3-EF1CB614C6E0}.Debug|Any CPU.Build.0 = Debug|Any CPU
		{93D0E03F-ADA6-4E57-88E3-EF1CB614C6E0}.Debug|x64.ActiveCfg = Debug|Any CPU
		{93D0E03F-ADA6-4E57-88E3-EF1CB614C6E0}.Debug|x64.Build.0 = Debug|Any CPU
		{93D0E03F-ADA6-4E57-88E3-EF1CB614C6E0}.Debug|x86.ActiveCfg = Debug|Any CPU
		{93D0E03F-ADA6-4E57-88E3-EF1CB614C6E0}.Debug|x86.Build.0 = Debug|Any CPU
		{93D0E03F-ADA6-4E57-88E3-EF1CB614C6E0}.Release|Any CPU.ActiveCfg = Release|Any CPU
		{93D0E03F-ADA6-4E57-88E3-EF1CB614C6E0}.Release|Any CPU.Build.0 = Release|Any CPU
		{93D0E03F-ADA6-4E57-88E3-EF1CB614C6E0}.Release|x64.ActiveCfg = Release|Any CPU
		{93D0E03F-ADA6-4E57-88E3-EF1CB614C6E0}.Release|x64.Build.0 = Release|Any CPU
		{93D0E03F-ADA6-4E57-88E3-EF1CB614C6E0}.Release|x86.ActiveCfg = Release|Any CPU
		{93D0E03F-ADA6-4E57-88E3-EF1CB614C6E0}.Release|x86.Build.0 = Release|Any CPU
		{28B9492F-F9CA-46AE-A540-30459C6F399C}.Debug|Any CPU.ActiveCfg = Debug|Any CPU
		{28B9492F-F9CA-46AE-A540-30459C6F399C}.Debug|Any CPU.Build.0 = Debug|Any CPU
		{28B9492F-F9CA-46AE-A540-30459C6F399C}.Debug|x64.ActiveCfg = Debug|Any CPU
		{28B9492F-F9CA-46AE-A540-30459C6F399C}.Debug|x64.Build.0 = Debug|Any CPU
		{28B9492F-F9CA-46AE-A540-30459C6F399C}.Debug|x86.ActiveCfg = Debug|Any CPU
		{28B9492F-F9CA-46AE-A540-30459C6F399C}.Debug|x86.Build.0 = Debug|Any CPU
		{28B9492F-F9CA-46AE-A540-30459C6F399C}.Release|Any CPU.ActiveCfg = Release|Any CPU
		{28B9492F-F9CA-46AE-A540-30459C6F399C}.Release|Any CPU.Build.0 = Release|Any CPU
		{28B9492F-F9CA-46AE-A540-30459C6F399C}.Release|x64.ActiveCfg = Release|Any CPU
		{28B9492F-F9CA-46AE-A540-30459C6F399C}.Release|x64.Build.0 = Release|Any CPU
		{28B9492F-F9CA-46AE-A540-30459C6F399C}.Release|x86.ActiveCfg = Release|Any CPU
		{28B9492F-F9CA-46AE-A540-30459C6F399C}.Release|x86.Build.0 = Release|Any CPU
		{0E50E270-FFBA-4726-BDA1-98B5F099B20D}.Debug|Any CPU.ActiveCfg = Debug|Any CPU
		{0E50E270-FFBA-4726-BDA1-98B5F099B20D}.Debug|Any CPU.Build.0 = Debug|Any CPU
		{0E50E270-FFBA-4726-BDA1-98B5F099B20D}.Debug|x64.ActiveCfg = Debug|Any CPU
		{0E50E270-FFBA-4726-BDA1-98B5F099B20D}.Debug|x64.Build.0 = Debug|Any CPU
		{0E50E270-FFBA-4726-BDA1-98B5F099B20D}.Debug|x86.ActiveCfg = Debug|Any CPU
		{0E50E270-FFBA-4726-BDA1-98B5F099B20D}.Debug|x86.Build.0 = Debug|Any CPU
		{0E50E270-FFBA-4726-BDA1-98B5F099B20D}.Release|Any CPU.ActiveCfg = Release|Any CPU
		{0E50E270-FFBA-4726-BDA1-98B5F099B20D}.Release|Any CPU.Build.0 = Release|Any CPU
		{0E50E270-FFBA-4726-BDA1-98B5F099B20D}.Release|x64.ActiveCfg = Release|Any CPU
		{0E50E270-FFBA-4726-BDA1-98B5F099B20D}.Release|x64.Build.0 = Release|Any CPU
		{0E50E270-FFBA-4726-BDA1-98B5F099B20D}.Release|x86.ActiveCfg = Release|Any CPU
		{0E50E270-FFBA-4726-BDA1-98B5F099B20D}.Release|x86.Build.0 = Release|Any CPU
		{4F402555-5F7A-429E-8B45-99FADFE15B52}.Debug|Any CPU.ActiveCfg = Debug|Any CPU
		{4F402555-5F7A-429E-8B45-99FADFE15B52}.Debug|Any CPU.Build.0 = Debug|Any CPU
		{4F402555-5F7A-429E-8B45-99FADFE15B52}.Debug|x64.ActiveCfg = Debug|Any CPU
		{4F402555-5F7A-429E-8B45-99FADFE15B52}.Debug|x64.Build.0 = Debug|Any CPU
		{4F402555-5F7A-429E-8B45-99FADFE15B52}.Debug|x86.ActiveCfg = Debug|Any CPU
		{4F402555-5F7A-429E-8B45-99FADFE15B52}.Debug|x86.Build.0 = Debug|Any CPU
		{4F402555-5F7A-429E-8B45-99FADFE15B52}.Release|Any CPU.ActiveCfg = Release|Any CPU
		{4F402555-5F7A-429E-8B45-99FADFE15B52}.Release|Any CPU.Build.0 = Release|Any CPU
		{4F402555-5F7A-429E-8B45-99FADFE15B52}.Release|x64.ActiveCfg = Release|Any CPU
		{4F402555-5F7A-429E-8B45-99FADFE15B52}.Release|x64.Build.0 = Release|Any CPU
		{4F402555-5F7A-429E-8B45-99FADFE15B52}.Release|x86.ActiveCfg = Release|Any CPU
		{4F402555-5F7A-429E-8B45-99FADFE15B52}.Release|x86.Build.0 = Release|Any CPU
		{DD20B46A-B24C-4F60-A603-247D553D1F9A}.Debug|Any CPU.ActiveCfg = Debug|Any CPU
		{DD20B46A-B24C-4F60-A603-247D553D1F9A}.Debug|Any CPU.Build.0 = Debug|Any CPU
		{DD20B46A-B24C-4F60-A603-247D553D1F9A}.Debug|x64.ActiveCfg = Debug|Any CPU
		{DD20B46A-B24C-4F60-A603-247D553D1F9A}.Debug|x64.Build.0 = Debug|Any CPU
		{DD20B46A-B24C-4F60-A603-247D553D1F9A}.Debug|x86.ActiveCfg = Debug|Any CPU
		{DD20B46A-B24C-4F60-A603-247D553D1F9A}.Debug|x86.Build.0 = Debug|Any CPU
		{DD20B46A-B24C-4F60-A603-247D553D1F9A}.Release|Any CPU.ActiveCfg = Release|Any CPU
		{DD20B46A-B24C-4F60-A603-247D553D1F9A}.Release|Any CPU.Build.0 = Release|Any CPU
		{DD20B46A-B24C-4F60-A603-247D553D1F9A}.Release|x64.ActiveCfg = Release|Any CPU
		{DD20B46A-B24C-4F60-A603-247D553D1F9A}.Release|x64.Build.0 = Release|Any CPU
		{DD20B46A-B24C-4F60-A603-247D553D1F9A}.Release|x86.ActiveCfg = Release|Any CPU
		{DD20B46A-B24C-4F60-A603-247D553D1F9A}.Release|x86.Build.0 = Release|Any CPU
		{4DCE36EB-456B-4F5A-BF30-6E72CF0C9A10}.Debug|Any CPU.ActiveCfg = Debug|Any CPU
		{4DCE36EB-456B-4F5A-BF30-6E72CF0C9A10}.Debug|Any CPU.Build.0 = Debug|Any CPU
		{4DCE36EB-456B-4F5A-BF30-6E72CF0C9A10}.Debug|x64.ActiveCfg = Debug|Any CPU
		{4DCE36EB-456B-4F5A-BF30-6E72CF0C9A10}.Debug|x64.Build.0 = Debug|Any CPU
		{4DCE36EB-456B-4F5A-BF30-6E72CF0C9A10}.Debug|x86.ActiveCfg = Debug|Any CPU
		{4DCE36EB-456B-4F5A-BF30-6E72CF0C9A10}.Debug|x86.Build.0 = Debug|Any CPU
		{4DCE36EB-456B-4F5A-BF30-6E72CF0C9A10}.Release|Any CPU.ActiveCfg = Release|Any CPU
		{4DCE36EB-456B-4F5A-BF30-6E72CF0C9A10}.Release|Any CPU.Build.0 = Release|Any CPU
		{4DCE36EB-456B-4F5A-BF30-6E72CF0C9A10}.Release|x64.ActiveCfg = Release|Any CPU
		{4DCE36EB-456B-4F5A-BF30-6E72CF0C9A10}.Release|x64.Build.0 = Release|Any CPU
		{4DCE36EB-456B-4F5A-BF30-6E72CF0C9A10}.Release|x86.ActiveCfg = Release|Any CPU
		{4DCE36EB-456B-4F5A-BF30-6E72CF0C9A10}.Release|x86.Build.0 = Release|Any CPU
		{A0A569C1-596B-420C-B16A-40309E33EE8D}.Debug|Any CPU.ActiveCfg = Debug|Any CPU
		{A0A569C1-596B-420C-B16A-40309E33EE8D}.Debug|Any CPU.Build.0 = Debug|Any CPU
		{A0A569C1-596B-420C-B16A-40309E33EE8D}.Debug|x64.ActiveCfg = Debug|Any CPU
		{A0A569C1-596B-420C-B16A-40309E33EE8D}.Debug|x64.Build.0 = Debug|Any CPU
		{A0A569C1-596B-420C-B16A-40309E33EE8D}.Debug|x86.ActiveCfg = Debug|Any CPU
		{A0A569C1-596B-420C-B16A-40309E33EE8D}.Debug|x86.Build.0 = Debug|Any CPU
		{A0A569C1-596B-420C-B16A-40309E33EE8D}.Release|Any CPU.ActiveCfg = Release|Any CPU
		{A0A569C1-596B-420C-B16A-40309E33EE8D}.Release|Any CPU.Build.0 = Release|Any CPU
		{A0A569C1-596B-420C-B16A-40309E33EE8D}.Release|x64.ActiveCfg = Release|Any CPU
		{A0A569C1-596B-420C-B16A-40309E33EE8D}.Release|x64.Build.0 = Release|Any CPU
		{A0A569C1-596B-420C-B16A-40309E33EE8D}.Release|x86.ActiveCfg = Release|Any CPU
		{A0A569C1-596B-420C-B16A-40309E33EE8D}.Release|x86.Build.0 = Release|Any CPU
		{F2E495F6-9B2A-4C45-A471-F8594F643143}.Debug|Any CPU.ActiveCfg = Debug|Any CPU
		{F2E495F6-9B2A-4C45-A471-F8594F643143}.Debug|Any CPU.Build.0 = Debug|Any CPU
		{F2E495F6-9B2A-4C45-A471-F8594F643143}.Debug|x64.ActiveCfg = Debug|Any CPU
		{F2E495F6-9B2A-4C45-A471-F8594F643143}.Debug|x64.Build.0 = Debug|Any CPU
		{F2E495F6-9B2A-4C45-A471-F8594F643143}.Debug|x86.ActiveCfg = Debug|Any CPU
		{F2E495F6-9B2A-4C45-A471-F8594F643143}.Debug|x86.Build.0 = Debug|Any CPU
		{F2E495F6-9B2A-4C45-A471-F8594F643143}.Release|Any CPU.ActiveCfg = Release|Any CPU
		{F2E495F6-9B2A-4C45-A471-F8594F643143}.Release|Any CPU.Build.0 = Release|Any CPU
		{F2E495F6-9B2A-4C45-A471-F8594F643143}.Release|x64.ActiveCfg = Release|Any CPU
		{F2E495F6-9B2A-4C45-A471-F8594F643143}.Release|x64.Build.0 = Release|Any CPU
		{F2E495F6-9B2A-4C45-A471-F8594F643143}.Release|x86.ActiveCfg = Release|Any CPU
		{F2E495F6-9B2A-4C45-A471-F8594F643143}.Release|x86.Build.0 = Release|Any CPU
		{F3E495F6-9B2A-4C45-A471-F8594F643144}.Debug|Any CPU.ActiveCfg = Debug|Any CPU
		{F3E495F6-9B2A-4C45-A471-F8594F643144}.Debug|Any CPU.Build.0 = Debug|Any CPU
		{F3E495F6-9B2A-4C45-A471-F8594F643144}.Debug|x64.ActiveCfg = Debug|Any CPU
		{F3E495F6-9B2A-4C45-A471-F8594F643144}.Debug|x64.Build.0 = Debug|Any CPU
		{F3E495F6-9B2A-4C45-A471-F8594F643144}.Debug|x86.ActiveCfg = Debug|Any CPU
		{F3E495F6-9B2A-4C45-A471-F8594F643144}.Debug|x86.Build.0 = Debug|Any CPU
		{F3E495F6-9B2A-4C45-A471-F8594F643144}.Release|Any CPU.ActiveCfg = Release|Any CPU
		{F3E495F6-9B2A-4C45-A471-F8594F643144}.Release|Any CPU.Build.0 = Release|Any CPU
		{F3E495F6-9B2A-4C45-A471-F8594F643144}.Release|x64.ActiveCfg = Release|Any CPU
		{F3E495F6-9B2A-4C45-A471-F8594F643144}.Release|x64.Build.0 = Release|Any CPU
		{F3E495F6-9B2A-4C45-A471-F8594F643144}.Release|x86.ActiveCfg = Release|Any CPU
		{F3E495F6-9B2A-4C45-A471-F8594F643144}.Release|x86.Build.0 = Release|Any CPU
		{05DF1027-8D26-45BB-AF3D-79B7A16E74FE}.Debug|Any CPU.ActiveCfg = Debug|Any CPU
		{05DF1027-8D26-45BB-AF3D-79B7A16E74FE}.Debug|Any CPU.Build.0 = Debug|Any CPU
		{05DF1027-8D26-45BB-AF3D-79B7A16E74FE}.Debug|x64.ActiveCfg = Debug|Any CPU
		{05DF1027-8D26-45BB-AF3D-79B7A16E74FE}.Debug|x64.Build.0 = Debug|Any CPU
		{05DF1027-8D26-45BB-AF3D-79B7A16E74FE}.Debug|x86.ActiveCfg = Debug|Any CPU
		{05DF1027-8D26-45BB-AF3D-79B7A16E74FE}.Debug|x86.Build.0 = Debug|Any CPU
		{05DF1027-8D26-45BB-AF3D-79B7A16E74FE}.Release|Any CPU.ActiveCfg = Release|Any CPU
		{05DF1027-8D26-45BB-AF3D-79B7A16E74FE}.Release|Any CPU.Build.0 = Release|Any CPU
		{05DF1027-8D26-45BB-AF3D-79B7A16E74FE}.Release|x64.ActiveCfg = Release|Any CPU
		{05DF1027-8D26-45BB-AF3D-79B7A16E74FE}.Release|x64.Build.0 = Release|Any CPU
		{05DF1027-8D26-45BB-AF3D-79B7A16E74FE}.Release|x86.ActiveCfg = Release|Any CPU
		{05DF1027-8D26-45BB-AF3D-79B7A16E74FE}.Release|x86.Build.0 = Release|Any CPU
	EndGlobalSection
EndGlobal
